// !$*UTF8*$!
{
	archiveVersion = 1;
	classes = {
	};
	objectVersion = 56;
	objects = {

/* Begin PBXBuildFile section */
		8C320E722A1BC3E300937B47 /* AppDelegate.swift in Sources */ = {isa = PBXBuildFile; fileRef = 8C320E712A1BC3E300937B47 /* AppDelegate.swift */; };
		8C320E742A1BC3E300937B47 /* SceneDelegate.swift in Sources */ = {isa = PBXBuildFile; fileRef = 8C320E732A1BC3E300937B47 /* SceneDelegate.swift */; };
		8C320E762A1BC3E300937B47 /* ViewController.swift in Sources */ = {isa = PBXBuildFile; fileRef = 8C320E752A1BC3E300937B47 /* ViewController.swift */; };
		8C320E792A1BC3E300937B47 /* Main.storyboard in Resources */ = {isa = PBXBuildFile; fileRef = 8C320E772A1BC3E300937B47 /* Main.storyboard */; };
		8C320E7B2A1BC3E400937B47 /* Assets.xcassets in Resources */ = {isa = PBXBuildFile; fileRef = 8C320E7A2A1BC3E400937B47 /* Assets.xcassets */; };
		8C320E7E2A1BC3E400937B47 /* LaunchScreen.storyboard in Resources */ = {isa = PBXBuildFile; fileRef = 8C320E7C2A1BC3E400937B47 /* LaunchScreen.storyboard */; };
		8C320E892A1BC3E400937B47 /* LearnRPTests.swift in Sources */ = {isa = PBXBuildFile; fileRef = 8C320E882A1BC3E400937B47 /* LearnRPTests.swift */; };
		8C320E932A1BC3E400937B47 /* LearnRPUITests.swift in Sources */ = {isa = PBXBuildFile; fileRef = 8C320E922A1BC3E400937B47 /* LearnRPUITests.swift */; };
		8C320E952A1BC3E400937B47 /* LearnRPUITestsLaunchTests.swift in Sources */ = {isa = PBXBuildFile; fileRef = 8C320E942A1BC3E400937B47 /* LearnRPUITestsLaunchTests.swift */; };
/* End PBXBuildFile section */

/* Begin PBXContainerItemProxy section */
		8C320E852A1BC3E400937B47 /* PBXContainerItemProxy */ = {
			isa = PBXContainerItemProxy;
			containerPortal = 8C320E662A1BC3E300937B47 /* Project object */;
			proxyType = 1;
			remoteGlobalIDString = 8C320E6D2A1BC3E300937B47;
			remoteInfo = LearnRP;
		};
		8C320E8F2A1BC3E400937B47 /* PBXContainerItemProxy */ = {
			isa = PBXContainerItemProxy;
			containerPortal = 8C320E662A1BC3E300937B47 /* Project object */;
			proxyType = 1;
			remoteGlobalIDString = 8C320E6D2A1BC3E300937B47;
			remoteInfo = LearnRP;
		};
/* End PBXContainerItemProxy section */

/* Begin PBXFileReference section */
		8C320E6E2A1BC3E300937B47 /* LearnRP.app */ = {isa = PBXFileReference; explicitFileType = wrapper.application; includeInIndex = 0; path = LearnRP.app; sourceTree = BUILT_PRODUCTS_DIR; };
		8C320E712A1BC3E300937B47 /* AppDelegate.swift */ = {isa = PBXFileReference; lastKnownFileType = sourcecode.swift; path = AppDelegate.swift; sourceTree = "<group>"; };
		8C320E732A1BC3E300937B47 /* SceneDelegate.swift */ = {isa = PBXFileReference; lastKnownFileType = sourcecode.swift; path = SceneDelegate.swift; sourceTree = "<group>"; };
		8C320E752A1BC3E300937B47 /* ViewController.swift */ = {isa = PBXFileReference; lastKnownFileType = sourcecode.swift; path = ViewController.swift; sourceTree = "<group>"; };
		8C320E782A1BC3E300937B47 /* Base */ = {isa = PBXFileReference; lastKnownFileType = file.storyboard; name = Base; path = Base.lproj/Main.storyboard; sourceTree = "<group>"; };
		8C320E7A2A1BC3E400937B47 /* Assets.xcassets */ = {isa = PBXFileReference; lastKnownFileType = folder.assetcatalog; path = Assets.xcassets; sourceTree = "<group>"; };
		8C320E7D2A1BC3E400937B47 /* Base */ = {isa = PBXFileReference; lastKnownFileType = file.storyboard; name = Base; path = Base.lproj/LaunchScreen.storyboard; sourceTree = "<group>"; };
		8C320E7F2A1BC3E400937B47 /* Info.plist */ = {isa = PBXFileReference; lastKnownFileType = text.plist.xml; path = Info.plist; sourceTree = "<group>"; };
		8C320E842A1BC3E400937B47 /* LearnRPTests.xctest */ = {isa = PBXFileReference; explicitFileType = wrapper.cfbundle; includeInIndex = 0; path = LearnRPTests.xctest; sourceTree = BUILT_PRODUCTS_DIR; };
		8C320E882A1BC3E400937B47 /* LearnRPTests.swift */ = {isa = PBXFileReference; lastKnownFileType = sourcecode.swift; path = LearnRPTests.swift; sourceTree = "<group>"; };
		8C320E8E2A1BC3E400937B47 /* LearnRPUITests.xctest */ = {isa = PBXFileReference; explicitFileType = wrapper.cfbundle; includeInIndex = 0; path = LearnRPUITests.xctest; sourceTree = BUILT_PRODUCTS_DIR; };
		8C320E922A1BC3E400937B47 /* LearnRPUITests.swift */ = {isa = PBXFileReference; lastKnownFileType = sourcecode.swift; path = LearnRPUITests.swift; sourceTree = "<group>"; };
		8C320E942A1BC3E400937B47 /* LearnRPUITestsLaunchTests.swift */ = {isa = PBXFileReference; lastKnownFileType = sourcecode.swift; path = LearnRPUITestsLaunchTests.swift; sourceTree = "<group>"; };
/* End PBXFileReference section */

/* Begin PBXFrameworksBuildPhase section */
		8C320E6B2A1BC3E300937B47 /* Frameworks */ = {
			isa = PBXFrameworksBuildPhase;
			buildActionMask = 2147483647;
			files = (
			);
			runOnlyForDeploymentPostprocessing = 0;
		};
		8C320E812A1BC3E400937B47 /* Frameworks */ = {
			isa = PBXFrameworksBuildPhase;
			buildActionMask = 2147483647;
			files = (
			);
			runOnlyForDeploymentPostprocessing = 0;
		};
		8C320E8B2A1BC3E400937B47 /* Frameworks */ = {
			isa = PBXFrameworksBuildPhase;
			buildActionMask = 2147483647;
			files = (
			);
			runOnlyForDeploymentPostprocessing = 0;
		};
/* End PBXFrameworksBuildPhase section */

/* Begin PBXGroup section */
		8C320E652A1BC3E300937B47 = {
			isa = PBXGroup;
			children = (
				8C320E702A1BC3E300937B47 /* LearnRP */,
				8C320E872A1BC3E400937B47 /* LearnRPTests */,
				8C320E912A1BC3E400937B47 /* LearnRPUITests */,
				8C320E6F2A1BC3E300937B47 /* Products */,
			);
			sourceTree = "<group>";
		};
		8C320E6F2A1BC3E300937B47 /* Products */ = {
			isa = PBXGroup;
			children = (
				8C320E6E2A1BC3E300937B47 /* LearnRP.app */,
				8C320E842A1BC3E400937B47 /* LearnRPTests.xctest */,
				8C320E8E2A1BC3E400937B47 /* LearnRPUITests.xctest */,
			);
			name = Products;
			sourceTree = "<group>";
		};
		8C320E702A1BC3E300937B47 /* LearnRP */ = {
			isa = PBXGroup;
			children = (
				8C320E712A1BC3E300937B47 /* AppDelegate.swift */,
				8C320E732A1BC3E300937B47 /* SceneDelegate.swift */,
				8C320E752A1BC3E300937B47 /* ViewController.swift */,
				8C320E772A1BC3E300937B47 /* Main.storyboard */,
				8C320E7A2A1BC3E400937B47 /* Assets.xcassets */,
				8C320E7C2A1BC3E400937B47 /* LaunchScreen.storyboard */,
				8C320E7F2A1BC3E400937B47 /* Info.plist */,
			);
			path = LearnRP;
			sourceTree = "<group>";
		};
		8C320E872A1BC3E400937B47 /* LearnRPTests */ = {
			isa = PBXGroup;
			children = (
				8C320E882A1BC3E400937B47 /* LearnRPTests.swift */,
			);
			path = LearnRPTests;
			sourceTree = "<group>";
		};
		8C320E912A1BC3E400937B47 /* LearnRPUITests */ = {
			isa = PBXGroup;
			children = (
				8C320E922A1BC3E400937B47 /* LearnRPUITests.swift */,
				8C320E942A1BC3E400937B47 /* LearnRPUITestsLaunchTests.swift */,
			);
			path = LearnRPUITests;
			sourceTree = "<group>";
		};
/* End PBXGroup section */

/* Begin PBXNativeTarget section */
		8C320E6D2A1BC3E300937B47 /* LearnRP */ = {
			isa = PBXNativeTarget;
			buildConfigurationList = 8C320E982A1BC3E400937B47 /* Build configuration list for PBXNativeTarget "LearnRP" */;
			buildPhases = (
				8C320E6A2A1BC3E300937B47 /* Sources */,
				8C320E6B2A1BC3E300937B47 /* Frameworks */,
				8C320E6C2A1BC3E300937B47 /* Resources */,
			);
			buildRules = (
			);
			dependencies = (
			);
			name = LearnRP;
			productName = LearnRP;
			productReference = 8C320E6E2A1BC3E300937B47 /* LearnRP.app */;
			productType = "com.apple.product-type.application";
		};
		8C320E832A1BC3E400937B47 /* LearnRPTests */ = {
			isa = PBXNativeTarget;
			buildConfigurationList = 8C320E9B2A1BC3E400937B47 /* Build configuration list for PBXNativeTarget "LearnRPTests" */;
			buildPhases = (
				8C320E802A1BC3E400937B47 /* Sources */,
				8C320E812A1BC3E400937B47 /* Frameworks */,
				8C320E822A1BC3E400937B47 /* Resources */,
			);
			buildRules = (
			);
			dependencies = (
				8C320E862A1BC3E400937B47 /* PBXTargetDependency */,
			);
			name = LearnRPTests;
			productName = LearnRPTests;
			productReference = 8C320E842A1BC3E400937B47 /* LearnRPTests.xctest */;
			productType = "com.apple.product-type.bundle.unit-test";
		};
		8C320E8D2A1BC3E400937B47 /* LearnRPUITests */ = {
			isa = PBXNativeTarget;
			buildConfigurationList = 8C320E9E2A1BC3E400937B47 /* Build configuration list for PBXNativeTarget "LearnRPUITests" */;
			buildPhases = (
				8C320E8A2A1BC3E400937B47 /* Sources */,
				8C320E8B2A1BC3E400937B47 /* Frameworks */,
				8C320E8C2A1BC3E400937B47 /* Resources */,
			);
			buildRules = (
			);
			dependencies = (
				8C320E902A1BC3E400937B47 /* PBXTargetDependency */,
			);
			name = LearnRPUITests;
			productName = LearnRPUITests;
			productReference = 8C320E8E2A1BC3E400937B47 /* LearnRPUITests.xctest */;
			productType = "com.apple.product-type.bundle.ui-testing";
		};
/* End PBXNativeTarget section */

/* Begin PBXProject section */
		8C320E662A1BC3E300937B47 /* Project object */ = {
			isa = PBXProject;
			attributes = {
				BuildIndependentTargetsInParallel = 1;
				LastSwiftUpdateCheck = 1420;
				LastUpgradeCheck = 1420;
				TargetAttributes = {
					8C320E6D2A1BC3E300937B47 = {
						CreatedOnToolsVersion = 14.2;
					};
					8C320E832A1BC3E400937B47 = {
						CreatedOnToolsVersion = 14.2;
						TestTargetID = 8C320E6D2A1BC3E300937B47;
					};
					8C320E8D2A1BC3E400937B47 = {
						CreatedOnToolsVersion = 14.2;
						TestTargetID = 8C320E6D2A1BC3E300937B47;
					};
				};
			};
			buildConfigurationList = 8C320E692A1BC3E300937B47 /* Build configuration list for PBXProject "LearnRP" */;
			compatibilityVersion = "Xcode 14.0";
			developmentRegion = en;
			hasScannedForEncodings = 0;
			knownRegions = (
				en,
				Base,
			);
			mainGroup = 8C320E652A1BC3E300937B47;
			productRefGroup = 8C320E6F2A1BC3E300937B47 /* Products */;
			projectDirPath = "";
			projectRoot = "";
			targets = (
				8C320E6D2A1BC3E300937B47 /* LearnRP */,
				8C320E832A1BC3E400937B47 /* LearnRPTests */,
				8C320E8D2A1BC3E400937B47 /* LearnRPUITests */,
			);
		};
/* End PBXProject section */

/* Begin PBXResourcesBuildPhase section */
		8C320E6C2A1BC3E300937B47 /* Resources */ = {
			isa = PBXResourcesBuildPhase;
			buildActionMask = 2147483647;
			files = (
				8C320E7E2A1BC3E400937B47 /* LaunchScreen.storyboard in Resources */,
				8C320E7B2A1BC3E400937B47 /* Assets.xcassets in Resources */,
				8C320E792A1BC3E300937B47 /* Main.storyboard in Resources */,
			);
			runOnlyForDeploymentPostprocessing = 0;
		};
		8C320E822A1BC3E400937B47 /* Resources */ = {
			isa = PBXResourcesBuildPhase;
			buildActionMask = 2147483647;
			files = (
			);
			runOnlyForDeploymentPostprocessing = 0;
		};
		8C320E8C2A1BC3E400937B47 /* Resources */ = {
			isa = PBXResourcesBuildPhase;
			buildActionMask = 2147483647;
			files = (
			);
			runOnlyForDeploymentPostprocessing = 0;
		};
/* End PBXResourcesBuildPhase section */

/* Begin PBXSourcesBuildPhase section */
		8C320E6A2A1BC3E300937B47 /* Sources */ = {
			isa = PBXSourcesBuildPhase;
			buildActionMask = 2147483647;
			files = (
				8C320E762A1BC3E300937B47 /* ViewController.swift in Sources */,
				8C320E722A1BC3E300937B47 /* AppDelegate.swift in Sources */,
				8C320E742A1BC3E300937B47 /* SceneDelegate.swift in Sources */,
			);
			runOnlyForDeploymentPostprocessing = 0;
		};
		8C320E802A1BC3E400937B47 /* Sources */ = {
			isa = PBXSourcesBuildPhase;
			buildActionMask = 2147483647;
			files = (
				8C320E892A1BC3E400937B47 /* LearnRPTests.swift in Sources */,
			);
			runOnlyForDeploymentPostprocessing = 0;
		};
		8C320E8A2A1BC3E400937B47 /* Sources */ = {
			isa = PBXSourcesBuildPhase;
			buildActionMask = 2147483647;
			files = (
				8C320E932A1BC3E400937B47 /* LearnRPUITests.swift in Sources */,
				8C320E952A1BC3E400937B47 /* LearnRPUITestsLaunchTests.swift in Sources */,
			);
			runOnlyForDeploymentPostprocessing = 0;
		};
/* End PBXSourcesBuildPhase section */

/* Begin PBXTargetDependency section */
		8C320E862A1BC3E400937B47 /* PBXTargetDependency */ = {
			isa = PBXTargetDependency;
			target = 8C320E6D2A1BC3E300937B47 /* LearnRP */;
			targetProxy = 8C320E852A1BC3E400937B47 /* PBXContainerItemProxy */;
		};
		8C320E902A1BC3E400937B47 /* PBXTargetDependency */ = {
			isa = PBXTargetDependency;
			target = 8C320E6D2A1BC3E300937B47 /* LearnRP */;
			targetProxy = 8C320E8F2A1BC3E400937B47 /* PBXContainerItemProxy */;
		};
/* End PBXTargetDependency section */

/* Begin PBXVariantGroup section */
		8C320E772A1BC3E300937B47 /* Main.storyboard */ = {
			isa = PBXVariantGroup;
			children = (
				8C320E782A1BC3E300937B47 /* Base */,
			);
			name = Main.storyboard;
			sourceTree = "<group>";
		};
		8C320E7C2A1BC3E400937B47 /* LaunchScreen.storyboard */ = {
			isa = PBXVariantGroup;
			children = (
				8C320E7D2A1BC3E400937B47 /* Base */,
			);
			name = LaunchScreen.storyboard;
			sourceTree = "<group>";
		};
/* End PBXVariantGroup section */

/* Begin XCBuildConfiguration section */
		8C320E962A1BC3E400937B47 /* Debug */ = {
			isa = XCBuildConfiguration;
			buildSettings = {
				ALWAYS_SEARCH_USER_PATHS = NO;
				CLANG_ANALYZER_NONNULL = YES;
				CLANG_ANALYZER_NUMBER_OBJECT_CONVERSION = YES_AGGRESSIVE;
				CLANG_CXX_LANGUAGE_STANDARD = "gnu++20";
				CLANG_ENABLE_MODULES = YES;
				CLANG_ENABLE_OBJC_ARC = YES;
				CLANG_ENABLE_OBJC_WEAK = YES;
				CLANG_WARN_BLOCK_CAPTURE_AUTORELEASING = YES;
				CLANG_WARN_BOOL_CONVERSION = YES;
				CLANG_WARN_COMMA = YES;
				CLANG_WARN_CONSTANT_CONVERSION = YES;
				CLANG_WARN_DEPRECATED_OBJC_IMPLEMENTATIONS = YES;
				CLANG_WARN_DIRECT_OBJC_ISA_USAGE = YES_ERROR;
				CLANG_WARN_DOCUMENTATION_COMMENTS = YES;
				CLANG_WARN_EMPTY_BODY = YES;
				CLANG_WARN_ENUM_CONVERSION = YES;
				CLANG_WARN_INFINITE_RECURSION = YES;
				CLANG_WARN_INT_CONVERSION = YES;
				CLANG_WARN_NON_LITERAL_NULL_CONVERSION = YES;
				CLANG_WARN_OBJC_IMPLICIT_RETAIN_SELF = YES;
				CLANG_WARN_OBJC_LITERAL_CONVERSION = YES;
				CLANG_WARN_OBJC_ROOT_CLASS = YES_ERROR;
				CLANG_WARN_QUOTED_INCLUDE_IN_FRAMEWORK_HEADER = YES;
				CLANG_WARN_RANGE_LOOP_ANALYSIS = YES;
				CLANG_WARN_STRICT_PROTOTYPES = YES;
				CLANG_WARN_SUSPICIOUS_MOVE = YES;
				CLANG_WARN_UNGUARDED_AVAILABILITY = YES_AGGRESSIVE;
				CLANG_WARN_UNREACHABLE_CODE = YES;
				CLANG_WARN__DUPLICATE_METHOD_MATCH = YES;
				COPY_PHASE_STRIP = NO;
				DEBUG_INFORMATION_FORMAT = dwarf;
				ENABLE_STRICT_OBJC_MSGSEND = YES;
				ENABLE_TESTABILITY = YES;
				GCC_C_LANGUAGE_STANDARD = gnu11;
				GCC_DYNAMIC_NO_PIC = NO;
				GCC_NO_COMMON_BLOCKS = YES;
				GCC_OPTIMIZATION_LEVEL = 0;
				GCC_PREPROCESSOR_DEFINITIONS = (
					"DEBUG=1",
					"$(inherited)",
				);
				GCC_WARN_64_TO_32_BIT_CONVERSION = YES;
				GCC_WARN_ABOUT_RETURN_TYPE = YES_ERROR;
				GCC_WARN_UNDECLARED_SELECTOR = YES;
				GCC_WARN_UNINITIALIZED_AUTOS = YES_AGGRESSIVE;
				GCC_WARN_UNUSED_FUNCTION = YES;
				GCC_WARN_UNUSED_VARIABLE = YES;
				IPHONEOS_DEPLOYMENT_TARGET = 16.2;
				MTL_ENABLE_DEBUG_INFO = INCLUDE_SOURCE;
				MTL_FAST_MATH = YES;
				ONLY_ACTIVE_ARCH = YES;
				SDKROOT = iphoneos;
				SWIFT_ACTIVE_COMPILATION_CONDITIONS = DEBUG;
				SWIFT_OPTIMIZATION_LEVEL = "-Onone";
			};
			name = Debug;
		};
		8C320E972A1BC3E400937B47 /* Release */ = {
			isa = XCBuildConfiguration;
			buildSettings = {
				ALWAYS_SEARCH_USER_PATHS = NO;
				CLANG_ANALYZER_NONNULL = YES;
				CLANG_ANALYZER_NUMBER_OBJECT_CONVERSION = YES_AGGRESSIVE;
				CLANG_CXX_LANGUAGE_STANDARD = "gnu++20";
				CLANG_ENABLE_MODULES = YES;
				CLANG_ENABLE_OBJC_ARC = YES;
				CLANG_ENABLE_OBJC_WEAK = YES;
				CLANG_WARN_BLOCK_CAPTURE_AUTORELEASING = YES;
				CLANG_WARN_BOOL_CONVERSION = YES;
				CLANG_WARN_COMMA = YES;
				CLANG_WARN_CONSTANT_CONVERSION = YES;
				CLANG_WARN_DEPRECATED_OBJC_IMPLEMENTATIONS = YES;
				CLANG_WARN_DIRECT_OBJC_ISA_USAGE = YES_ERROR;
				CLANG_WARN_DOCUMENTATION_COMMENTS = YES;
				CLANG_WARN_EMPTY_BODY = YES;
				CLANG_WARN_ENUM_CONVERSION = YES;
				CLANG_WARN_INFINITE_RECURSION = YES;
				CLANG_WARN_INT_CONVERSION = YES;
				CLANG_WARN_NON_LITERAL_NULL_CONVERSION = YES;
				CLANG_WARN_OBJC_IMPLICIT_RETAIN_SELF = YES;
				CLANG_WARN_OBJC_LITERAL_CONVERSION = YES;
				CLANG_WARN_OBJC_ROOT_CLASS = YES_ERROR;
				CLANG_WARN_QUOTED_INCLUDE_IN_FRAMEWORK_HEADER = YES;
				CLANG_WARN_RANGE_LOOP_ANALYSIS = YES;
				CLANG_WARN_STRICT_PROTOTYPES = YES;
				CLANG_WARN_SUSPICIOUS_MOVE = YES;
				CLANG_WARN_UNGUARDED_AVAILABILITY = YES_AGGRESSIVE;
				CLANG_WARN_UNREACHABLE_CODE = YES;
				CLANG_WARN__DUPLICATE_METHOD_MATCH = YES;
				COPY_PHASE_STRIP = NO;
				DEBUG_INFORMATION_FORMAT = "dwarf-with-dsym";
				ENABLE_NS_ASSERTIONS = NO;
				ENABLE_STRICT_OBJC_MSGSEND = YES;
				GCC_C_LANGUAGE_STANDARD = gnu11;
				GCC_NO_COMMON_BLOCKS = YES;
				GCC_WARN_64_TO_32_BIT_CONVERSION = YES;
				GCC_WARN_ABOUT_RETURN_TYPE = YES_ERROR;
				GCC_WARN_UNDECLARED_SELECTOR = YES;
				GCC_WARN_UNINITIALIZED_AUTOS = YES_AGGRESSIVE;
				GCC_WARN_UNUSED_FUNCTION = YES;
				GCC_WARN_UNUSED_VARIABLE = YES;
				IPHONEOS_DEPLOYMENT_TARGET = 16.2;
				MTL_ENABLE_DEBUG_INFO = NO;
				MTL_FAST_MATH = YES;
				SDKROOT = iphoneos;
				SWIFT_COMPILATION_MODE = wholemodule;
				SWIFT_OPTIMIZATION_LEVEL = "-O";
				VALIDATE_PRODUCT = YES;
			};
			name = Release;
		};
		8C320E992A1BC3E400937B47 /* Debug */ = {
			isa = XCBuildConfiguration;
			buildSettings = {
				ASSETCATALOG_COMPILER_APPICON_NAME = AppIcon;
				ASSETCATALOG_COMPILER_GLOBAL_ACCENT_COLOR_NAME = AccentColor;
				CODE_SIGN_STYLE = Automatic;
				CURRENT_PROJECT_VERSION = 1;
				GENERATE_INFOPLIST_FILE = YES;
				INFOPLIST_FILE = LearnRP/Info.plist;
				INFOPLIST_KEY_UIApplicationSupportsIndirectInputEvents = YES;
				INFOPLIST_KEY_UILaunchStoryboardName = LaunchScreen;
				INFOPLIST_KEY_UIMainStoryboardFile = Main;
				INFOPLIST_KEY_UISupportedInterfaceOrientations_iPad = "UIInterfaceOrientationPortrait UIInterfaceOrientationPortraitUpsideDown UIInterfaceOrientationLandscapeLeft UIInterfaceOrientationLandscapeRight";
				INFOPLIST_KEY_UISupportedInterfaceOrientations_iPhone = "UIInterfaceOrientationPortrait UIInterfaceOrientationLandscapeLeft UIInterfaceOrientationLandscapeRight";
				LD_RUNPATH_SEARCH_PATHS = (
					"$(inherited)",
					"@executable_path/Frameworks",
				);
				MARKETING_VERSION = 1.0;
				PRODUCT_BUNDLE_IDENTIFIER = Rohit.LearnRP;
				PRODUCT_NAME = "$(TARGET_NAME)";
				SWIFT_EMIT_LOC_STRINGS = YES;
				SWIFT_VERSION = 5.0;
				TARGETED_DEVICE_FAMILY = "1,2";
			};
			name = Debug;
		};
		8C320E9A2A1BC3E400937B47 /* Release */ = {
			isa = XCBuildConfiguration;
			buildSettings = {
				ASSETCATALOG_COMPILER_APPICON_NAME = AppIcon;
				ASSETCATALOG_COMPILER_GLOBAL_ACCENT_COLOR_NAME = AccentColor;
				CODE_SIGN_STYLE = Automatic;
				CURRENT_PROJECT_VERSION = 1;
				GENERATE_INFOPLIST_FILE = YES;
				INFOPLIST_FILE = LearnRP/Info.plist;
				INFOPLIST_KEY_UIApplicationSupportsIndirectInputEvents = YES;
				INFOPLIST_KEY_UILaunchStoryboardName = LaunchScreen;
				INFOPLIST_KEY_UIMainStoryboardFile = Main;
				INFOPLIST_KEY_UISupportedInterfaceOrientations_iPad = "UIInterfaceOrientationPortrait UIInterfaceOrientationPortraitUpsideDown UIInterfaceOrientationLandscapeLeft UIInterfaceOrientationLandscapeRight";
				INFOPLIST_KEY_UISupportedInterfaceOrientations_iPhone = "UIInterfaceOrientationPortrait UIInterfaceOrientationLandscapeLeft UIInterfaceOrientationLandscapeRight";
				LD_RUNPATH_SEARCH_PATHS = (
					"$(inherited)",
					"@executable_path/Frameworks",
				);
				MARKETING_VERSION = 1.0;
				PRODUCT_BUNDLE_IDENTIFIER = Rohit.LearnRP;
				PRODUCT_NAME = "$(TARGET_NAME)";
				SWIFT_EMIT_LOC_STRINGS = YES;
				SWIFT_VERSION = 5.0;
				TARGETED_DEVICE_FAMILY = "1,2";
			};
			name = Release;
		};
		8C320E9C2A1BC3E400937B47 /* Debug */ = {
			isa = XCBuildConfiguration;
			buildSettings = {
				ALWAYS_EMBED_SWIFT_STANDARD_LIBRARIES = YES;
				BUNDLE_LOADER = "$(TEST_HOST)";
				CODE_SIGN_STYLE = Automatic;
				CURRENT_PROJECT_VERSION = 1;
				GENERATE_INFOPLIST_FILE = YES;
				IPHONEOS_DEPLOYMENT_TARGET = 16.2;
				MARKETING_VERSION = 1.0;
				PRODUCT_BUNDLE_IDENTIFIER = Rohit.LearnRPTests;
				PRODUCT_NAME = "$(TARGET_NAME)";
				SWIFT_EMIT_LOC_STRINGS = NO;
				SWIFT_VERSION = 5.0;
				TARGETED_DEVICE_FAMILY = "1,2";
				TEST_HOST = "$(BUILT_PRODUCTS_DIR)/LearnRP.app/$(BUNDLE_EXECUTABLE_FOLDER_PATH)/LearnRP";
			};
			name = Debug;
		};
		8C320E9D2A1BC3E400937B47 /* Release */ = {
			isa = XCBuildConfiguration;
			buildSettings = {
				ALWAYS_EMBED_SWIFT_STANDARD_LIBRARIES = YES;
				BUNDLE_LOADER = "$(TEST_HOST)";
				CODE_SIGN_STYLE = Automatic;
				CURRENT_PROJECT_VERSION = 1;
				GENERATE_INFOPLIST_FILE = YES;
				IPHONEOS_DEPLOYMENT_TARGET = 16.2;
				MARKETING_VERSION = 1.0;
				PRODUCT_BUNDLE_IDENTIFIER = Rohit.LearnRPTests;
				PRODUCT_NAME = "$(TARGET_NAME)";
				SWIFT_EMIT_LOC_STRINGS = NO;
				SWIFT_VERSION = 5.0;
				TARGETED_DEVICE_FAMILY = "1,2";
				TEST_HOST = "$(BUILT_PRODUCTS_DIR)/LearnRP.app/$(BUNDLE_EXECUTABLE_FOLDER_PATH)/LearnRP";
			};
			name = Release;
		};
		8C320E9F2A1BC3E400937B47 /* Debug */ = {
			isa = XCBuildConfiguration;
			buildSettings = {
				ALWAYS_EMBED_SWIFT_STANDARD_LIBRARIES = YES;
				CODE_SIGN_STYLE = Automatic;
				CURRENT_PROJECT_VERSION = 1;
				GENERATE_INFOPLIST_FILE = YES;
				MARKETING_VERSION = 1.0;
				PRODUCT_BUNDLE_IDENTIFIER = Rohit.LearnRPUITests;
				PRODUCT_NAME = "$(TARGET_NAME)";
				SWIFT_EMIT_LOC_STRINGS = NO;
				SWIFT_VERSION = 5.0;
				TARGETED_DEVICE_FAMILY = "1,2";
				TEST_TARGET_NAME = LearnRP;
			};
			name = Debug;
		};
		8C320EA02A1BC3E400937B47 /* Release */ = {
			isa = XCBuildConfiguration;
			buildSettings = {
				ALWAYS_EMBED_SWIFT_STANDARD_LIBRARIES = YES;
				CODE_SIGN_STYLE = Automatic;
				CURRENT_PROJECT_VERSION = 1;
				GENERATE_INFOPLIST_FILE = YES;
				MARKETING_VERSION = 1.0;
				PRODUCT_BUNDLE_IDENTIFIER = Rohit.LearnRPUITests;
				PRODUCT_NAME = "$(TARGET_NAME)";
				SWIFT_EMIT_LOC_STRINGS = NO;
				SWIFT_VERSION = 5.0;
				TARGETED_DEVICE_FAMILY = "1,2";
				TEST_TARGET_NAME = LearnRP;
			};
			name = Release;
		};
/* End XCBuildConfiguration section */

/* Begin XCConfigurationList section */
		8C320E692A1BC3E300937B47 /* Build configuration list for PBXProject "LearnRP" */ = {
			isa = XCConfigurationList;
			buildConfigurations = (
				8C320E962A1BC3E400937B47 /* Debug */,
				8C320E972A1BC3E400937B47 /* Release */,
			);
			defaultConfigurationIsVisible = 0;
			defaultConfigurationName = Release;
		};
		8C320E982A1BC3E400937B47 /* Build configuration list for PBXNativeTarget "LearnRP" */ = {
			isa = XCConfigurationList;
			buildConfigurations = (
				8C320E992A1BC3E400937B47 /* Debug */,
				8C320E9A2A1BC3E400937B47 /* Release */,
			);
			defaultConfigurationIsVisible = 0;
			defaultConfigurationName = Release;
		};
		8C320E9B2A1BC3E400937B47 /* Build configuration list for PBXNativeTarget "LearnRPTests" */ = {
			isa = XCConfigurationList;
			buildConfigurations = (
				8C320E9C2A1BC3E400937B47 /* Debug */,
				8C320E9D2A1BC3E400937B47 /* Release */,
			);
			defaultConfigurationIsVisible = 0;
			defaultConfigurationName = Release;
		};
		8C320E9E2A1BC3E400937B47 /* Build configuration list for PBXNativeTarget "LearnRPUITests" */ = {
			isa = XCConfigurationList;
			buildConfigurations = (
				8C320E9F2A1BC3E400937B47 /* Debug */,
				8C320EA02A1BC3E400937B47 /* Release */,
			);
			defaultConfigurationIsVisible = 0;
			defaultConfigurationName = Release;
		};
/* End XCConfigurationList section */
	};
	rootObject = 8C320E662A1BC3E300937B47 /* Project object */;
}
